
Microsoft Visual Studio Solution File, Format Version 12.00
# Visual Studio Version 17
VisualStudioVersion = 17.0.31512.422
MinimumVisualStudioVersion = 10.0.40219.1
Project("{FAE04EC0-301F-11D3-BF4B-00C04F79EFBC}") = "RetailCoreApp", "RetailCoreApp\RetailCoreApp.csproj", "{F727B2DE-1350-49B8-B932-92A3A1DB44E8}"
EndProject
Project("{FAE04EC0-301F-11D3-BF4B-00C04F79EFBC}") = "BusinessModel", "BusinessModel\BusinessModel.csproj", "{0F0F3A89-F6A4-4765-B5CB-5384BDC96E03}"
EndProject
Project("{FAE04EC0-301F-11D3-BF4B-00C04F79EFBC}") = "DataAccessLayer", "DataAccessLayer\DataAccessLayer.csproj", "{2A90D6A8-3644-4596-8FEC-B9C3B7F77009}"
EndProject
Project("{FAE04EC0-301F-11D3-BF4B-00C04F79EFBC}") = "BusinessServices", "BusinessServices\BusinessServices.csproj", "{895755A0-9D1D-4352-B54C-889C0B2330B4}"
EndProject
Project("{FAE04EC0-301F-11D3-BF4B-00C04F79EFBC}") = "BussinessAccessLayer", "BussinessAccessLayer\BussinessAccessLayer.csproj", "{536051FE-F2BF-4E62-923D-C857BA977992}"
EndProject
Global
	GlobalSection(SolutionConfigurationPlatforms) = preSolution
		Debug|Any CPU = Debug|Any CPU
		Release|Any CPU = Release|Any CPU
	EndGlobalSection
	GlobalSection(ProjectConfigurationPlatforms) = postSolution
		{F727B2DE-1350-49B8-B932-92A3A1DB44E8}.Debug|Any CPU.ActiveCfg = Debug|Any CPU
		{F727B2DE-1350-49B8-B932-92A3A1DB44E8}.Debug|Any CPU.Build.0 = Debug|Any CPU
		{F727B2DE-1350-49B8-B932-92A3A1DB44E8}.Release|Any CPU.ActiveCfg = Release|Any CPU
		{F727B2DE-1350-49B8-B932-92A3A1DB44E8}.Release|Any CPU.Build.0 = Release|Any CPU
		{0F0F3A89-F6A4-4765-B5CB-5384BDC96E03}.Debug|Any CPU.ActiveCfg = Debug|Any CPU
		{0F0F3A89-F6A4-4765-B5CB-5384BDC96E03}.Debug|Any CPU.Build.0 = Debug|Any CPU
		{0F0F3A89-F6A4-4765-B5CB-5384BDC96E03}.Release|Any CPU.ActiveCfg = Release|Any CPU
		{0F0F3A89-F6A4-4765-B5CB-5384BDC96E03}.Release|Any CPU.Build.0 = Release|Any CPU
		{2A90D6A8-3644-4596-8FEC-B9C3B7F77009}.Debug|Any CPU.ActiveCfg = Debug|Any CPU
		{2A90D6A8-3644-4596-8FEC-B9C3B7F77009}.Debug|Any CPU.Build.0 = Debug|Any CPU
		{2A90D6A8-3644-4596-8FEC-B9C3B7F77009}.Release|Any CPU.ActiveCfg = Release|Any CPU
		{2A90D6A8-3644-4596-8FEC-B9C3B7F77009}.Release|Any CPU.Build.0 = Release|Any CPU
		{895755A0-9D1D-4352-B54C-889C0B2330B4}.Debug|Any CPU.ActiveCfg = Debug|Any CPU
		{895755A0-9D1D-4352-B54C-889C0B2330B4}.Debug|Any CPU.Build.0 = Debug|Any CPU
		{895755A0-9D1D-4352-B54C-889C0B2330B4}.Release|Any CPU.ActiveCfg = Release|Any CPU
		{895755A0-9D1D-4352-B54C-889C0B2330B4}.Release|Any CPU.Build.0 = Release|Any CPU
		{536051FE-F2BF-4E62-923D-C857BA977992}.Debug|Any CPU.ActiveCfg = Debug|Any CPU
		{536051FE-F2BF-4E62-923D-C857BA977992}.Debug|Any CPU.Build.0 = Debug|Any CPU
		{536051FE-F2BF-4E62-923D-C857BA977992}.Release|Any CPU.ActiveCfg = Release|Any CPU
		{536051FE-F2BF-4E62-923D-C857BA977992}.Release|Any CPU.Build.0 = Release|Any CPU
	EndGlobalSection
	GlobalSection(SolutionProperties) = preSolution
		HideSolutionNode = FALSE
	EndGlobalSection
	GlobalSection(ExtensibilityGlobals) = postSolution
		SolutionGuid = {1E3AECA5-038C-4183-A510-C67CE6756B5C}
	EndGlobalSection
EndGlobal
